{
  "dependencies": {
    "addressparser": {
      "version": "0.3.2",
      "resolved": "https://registry.npmjs.org/addressparser/-/addressparser-0.3.2.tgz",
      "from": "addressparser@>=0.3.2 <0.4.0"
    },
    "ajv": {
      "version": "4.11.8",
      "resolved": "https://registry.npmjs.org/ajv/-/ajv-4.11.8.tgz",
      "from": "ajv@>=4.9.1 <5.0.0"
    },
    "amdefine": {
      "version": "1.0.1",
      "resolved": "https://registry.npmjs.org/amdefine/-/amdefine-1.0.1.tgz",
      "from": "amdefine@>=0.0.4"
    },
    "asn1": {
      "version": "0.2.3",
      "resolved": "https://registry.npmjs.org/asn1/-/asn1-0.2.3.tgz",
      "from": "asn1@>=0.2.3 <0.3.0"
    },
    "assert-plus": {
      "version": "0.2.0",
      "resolved": "https://registry.npmjs.org/assert-plus/-/assert-plus-0.2.0.tgz",
      "from": "assert-plus@>=0.2.0 <0.3.0"
    },
    "async": {
      "version": "0.9.0",
      "resolved": "https://registry.npmjs.org/async/-/async-0.9.0.tgz",
      "from": "async@0.9.0"
    },
    "asynckit": {
      "version": "0.4.0",
      "resolved": "https://registry.npmjs.org/asynckit/-/asynckit-0.4.0.tgz",
      "from": "asynckit@>=0.4.0 <0.5.0"
    },
    "aws-sign2": {
      "version": "0.6.0",
      "resolved": "https://registry.npmjs.org/aws-sign2/-/aws-sign2-0.6.0.tgz",
      "from": "aws-sign2@>=0.6.0 <0.7.0"
    },
    "aws4": {
      "version": "1.6.0",
      "resolved": "https://registry.npmjs.org/aws4/-/aws4-1.6.0.tgz",
      "from": "aws4@>=1.2.1 <2.0.0"
    },
    "bcrypt-pbkdf": {
      "version": "1.0.1",
      "resolved": "https://registry.npmjs.org/bcrypt-pbkdf/-/bcrypt-pbkdf-1.0.1.tgz",
      "from": "bcrypt-pbkdf@>=1.0.0 <2.0.0"
    },
    "bindings": {
      "version": "1.3.0",
      "resolved": "https://registry.npmjs.org/bindings/-/bindings-1.3.0.tgz",
      "from": "bindings@>=1.2.1 <2.0.0"
    },
    "boom": {
      "version": "2.10.1",
      "resolved": "https://registry.npmjs.org/boom/-/boom-2.10.1.tgz",
      "from": "boom@>=2.0.0 <3.0.0"
    },
    "bugsnag": {
      "version": "1.5.1",
      "resolved": "https://registry.npmjs.org/bugsnag/-/bugsnag-1.5.1.tgz",
      "from": "bugsnag@1.5.1"
    },
    "buildmail": {
      "version": "1.3.0",
      "resolved": "https://registry.npmjs.org/buildmail/-/buildmail-1.3.0.tgz",
      "from": "buildmail@>=1.2.4 <2.0.0"
    },
    "camelcase": {
      "version": "1.2.1",
      "resolved": "https://registry.npmjs.org/camelcase/-/camelcase-1.2.1.tgz",
      "from": "camelcase@>=1.0.2 <2.0.0"
    },
    "caseless": {
      "version": "0.12.0",
      "resolved": "https://registry.npmjs.org/caseless/-/caseless-0.12.0.tgz",
      "from": "caseless@>=0.12.0 <0.13.0"
    },
    "clone": {
      "version": "1.0.2",
      "resolved": "https://registry.npmjs.org/clone/-/clone-1.0.2.tgz",
      "from": "clone@>=1.0.2 <2.0.0"
    },
    "co": {
      "version": "4.6.0",
      "resolved": "https://registry.npmjs.org/co/-/co-4.6.0.tgz",
      "from": "co@>=4.6.0 <5.0.0"
    },
    "coffee-script": {
      "version": "1.8.0",
      "resolved": "https://registry.npmjs.org/coffee-script/-/coffee-script-1.8.0.tgz",
      "from": "coffee-script@1.8.0"
    },
    "combined-stream": {
      "version": "1.0.5",
      "resolved": "https://registry.npmjs.org/combined-stream/-/combined-stream-1.0.5.tgz",
      "from": "combined-stream@>=1.0.5 <1.1.0"
    },
    "commander": {
      "version": "2.3.0",
      "resolved": "https://registry.npmjs.org/commander/-/commander-2.3.0.tgz",
      "from": "commander@>=2.3.0 <2.4.0"
    },
    "component-emitter": {
      "version": "1.1.2",
      "resolved": "https://registry.npmjs.org/component-emitter/-/component-emitter-1.1.2.tgz",
      "from": "component-emitter@1.1.2"
    },
    "contextify": {
      "version": "0.1.15",
      "resolved": "https://registry.npmjs.org/contextify/-/contextify-0.1.15.tgz",
      "from": "contextify@>=0.1.5 <0.2.0"
    },
    "cookiejar": {
      "version": "2.0.1",
      "resolved": "https://registry.npmjs.org/cookiejar/-/cookiejar-2.0.1.tgz",
      "from": "cookiejar@2.0.1"
    },
    "core-util-is": {
      "version": "1.0.2",
      "resolved": "https://registry.npmjs.org/core-util-is/-/core-util-is-1.0.2.tgz",
      "from": "core-util-is@>=1.0.0 <1.1.0"
    },
    "cryptiles": {
      "version": "2.0.5",
      "resolved": "https://registry.npmjs.org/cryptiles/-/cryptiles-2.0.5.tgz",
      "from": "cryptiles@>=2.0.0 <3.0.0"
    },
    "cssom": {
      "version": "0.3.2",
      "resolved": "https://registry.npmjs.org/cssom/-/cssom-0.3.2.tgz",
      "from": "cssom@>=0.3.0 <0.4.0"
    },
    "cssstyle": {
      "version": "0.2.37",
      "resolved": "https://registry.npmjs.org/cssstyle/-/cssstyle-0.2.37.tgz",
      "from": "cssstyle@>=0.2.9 <0.3.0"
    },
    "dashdash": {
      "version": "1.14.1",
      "resolved": "https://registry.npmjs.org/dashdash/-/dashdash-1.14.1.tgz",
      "from": "dashdash@>=1.12.0 <2.0.0",
      "dependencies": {
        "assert-plus": {
          "version": "1.0.0",
          "resolved": "https://registry.npmjs.org/assert-plus/-/assert-plus-1.0.0.tgz",
          "from": "assert-plus@>=1.0.0 <2.0.0"
        }
      }
    },
    "debug": {
      "version": "1.0.5",
      "resolved": "https://registry.npmjs.org/debug/-/debug-1.0.5.tgz",
      "from": "debug@>=1.0.1 <1.1.0"
    },
    "decamelize": {
      "version": "1.2.0",
      "resolved": "https://registry.npmjs.org/decamelize/-/decamelize-1.2.0.tgz",
      "from": "decamelize@>=1.0.0 <2.0.0"
    },
    "delayed-stream": {
      "version": "1.0.0",
      "resolved": "https://registry.npmjs.org/delayed-stream/-/delayed-stream-1.0.0.tgz",
      "from": "delayed-stream@>=1.0.0 <1.1.0"
    },
    "dom-serializer": {
      "version": "0.1.0",
      "resolved": "https://registry.npmjs.org/dom-serializer/-/dom-serializer-0.1.0.tgz",
      "from": "dom-serializer@>=0.0.0 <1.0.0",
      "dependencies": {
        "domelementtype": {
          "version": "1.1.3",
          "resolved": "https://registry.npmjs.org/domelementtype/-/domelementtype-1.1.3.tgz",
          "from": "domelementtype@>=1.1.1 <1.2.0"
        }
      }
    },
    "domelementtype": {
      "version": "1.3.0",
      "resolved": "https://registry.npmjs.org/domelementtype/-/domelementtype-1.3.0.tgz",
      "from": "domelementtype@>=1.3.0 <2.0.0"
    },
    "domhandler": {
      "version": "2.4.1",
      "resolved": "https://registry.npmjs.org/domhandler/-/domhandler-2.4.1.tgz",
      "from": "domhandler@>=2.3.0 <3.0.0"
    },
    "domutils": {
      "version": "1.6.2",
      "resolved": "https://registry.npmjs.org/domutils/-/domutils-1.6.2.tgz",
      "from": "domutils@>=1.5.1 <2.0.0"
    },
    "duplexer2": {
      "version": "0.0.2",
      "resolved": "https://registry.npmjs.org/duplexer2/-/duplexer2-0.0.2.tgz",
      "from": "duplexer2@>=0.0.2 <0.1.0"
    },
    "ecc-jsbn": {
      "version": "0.1.1",
      "resolved": "https://registry.npmjs.org/ecc-jsbn/-/ecc-jsbn-0.1.1.tgz",
      "from": "ecc-jsbn@>=0.1.1 <0.2.0"
    },
    "entities": {
      "version": "1.1.1",
      "resolved": "https://registry.npmjs.org/entities/-/entities-1.1.1.tgz",
      "from": "entities@>=1.1.1 <2.0.0"
    },
    "extend": {
      "version": "3.0.1",
      "resolved": "https://registry.npmjs.org/extend/-/extend-3.0.1.tgz",
      "from": "extend@>=3.0.0 <3.1.0"
    },
    "extsprintf": {
      "version": "1.3.0",
      "resolved": "https://registry.npmjs.org/extsprintf/-/extsprintf-1.3.0.tgz",
      "from": "extsprintf@1.3.0"
    },
    "forever-agent": {
      "version": "0.6.1",
      "resolved": "https://registry.npmjs.org/forever-agent/-/forever-agent-0.6.1.tgz",
      "from": "forever-agent@>=0.6.1 <0.7.0"
    },
    "form-data": {
      "version": "2.1.4",
      "resolved": "https://registry.npmjs.org/form-data/-/form-data-2.1.4.tgz",
      "from": "form-data@>=2.1.1 <2.2.0"
    },
    "formidable": {
      "version": "1.0.14",
      "resolved": "https://registry.npmjs.org/formidable/-/formidable-1.0.14.tgz",
      "from": "formidable@1.0.14"
    },
    "getpass": {
      "version": "0.1.7",
      "resolved": "https://registry.npmjs.org/getpass/-/getpass-0.1.7.tgz",
      "from": "getpass@>=0.1.1 <0.2.0",
      "dependencies": {
        "assert-plus": {
          "version": "1.0.0",
          "resolved": "https://registry.npmjs.org/assert-plus/-/assert-plus-1.0.0.tgz",
          "from": "assert-plus@>=1.0.0 <2.0.0"
        }
      }
    },
    "har-schema": {
      "version": "1.0.5",
      "resolved": "https://registry.npmjs.org/har-schema/-/har-schema-1.0.5.tgz",
      "from": "har-schema@>=1.0.5 <2.0.0"
    },
    "har-validator": {
      "version": "4.2.1",
      "resolved": "https://registry.npmjs.org/har-validator/-/har-validator-4.2.1.tgz",
      "from": "har-validator@>=4.2.1 <4.3.0"
    },
    "hawk": {
      "version": "3.1.3",
      "resolved": "https://registry.npmjs.org/hawk/-/hawk-3.1.3.tgz",
      "from": "hawk@>=3.1.3 <3.2.0"
    },
    "hoek": {
      "version": "2.16.3",
      "resolved": "https://registry.npmjs.org/hoek/-/hoek-2.16.3.tgz",
      "from": "hoek@>=2.0.0 <3.0.0"
    },
    "html-to-text": {
      "version": "0.1.0",
      "resolved": "https://registry.npmjs.org/html-to-text/-/html-to-text-0.1.0.tgz",
      "from": "html-to-text@>=0.1.0 <0.2.0"
    },
    "htmlparser": {
      "version": "1.7.7",
      "resolved": "https://registry.npmjs.org/htmlparser/-/htmlparser-1.7.7.tgz",
      "from": "htmlparser@>=1.0.0 <2.0.0"
    },
    "htmlparser2": {
      "version": "3.9.2",
      "resolved": "https://registry.npmjs.org/htmlparser2/-/htmlparser2-3.9.2.tgz",
      "from": "htmlparser2@>=3.1.5 <4.0.0",
      "dependencies": {
        "isarray": {
          "version": "1.0.0",
          "resolved": "https://registry.npmjs.org/isarray/-/isarray-1.0.0.tgz",
          "from": "isarray@>=1.0.0 <1.1.0"
        },
        "readable-stream": {
          "version": "2.3.3",
          "resolved": "https://registry.npmjs.org/readable-stream/-/readable-stream-2.3.3.tgz",
          "from": "readable-stream@>=2.0.2 <3.0.0"
        },
        "string_decoder": {
          "version": "1.0.3",
          "resolved": "https://registry.npmjs.org/string_decoder/-/string_decoder-1.0.3.tgz",
          "from": "string_decoder@>=1.0.3 <1.1.0"
        }
      }
    },
    "http-signature": {
      "version": "1.1.1",
      "resolved": "https://registry.npmjs.org/http-signature/-/http-signature-1.1.1.tgz",
      "from": "http-signature@>=1.1.0 <1.2.0"
    },
    "hyperquest": {
      "version": "1.3.0",
      "resolved": "https://registry.npmjs.org/hyperquest/-/hyperquest-1.3.0.tgz",
      "from": "hyperquest@>=1.2.0 <2.0.0"
    },
    "iconv-lite": {
      "version": "0.4.18",
      "resolved": "https://registry.npmjs.org/iconv-lite/-/iconv-lite-0.4.18.tgz",
      "from": "iconv-lite@>=0.4.13 <0.5.0"
    },
    "inherits": {
      "version": "2.0.3",
      "resolved": "https://registry.npmjs.org/inherits/-/inherits-2.0.3.tgz",
      "from": "inherits@>=2.0.1 <2.1.0"
    },
    "is-typedarray": {
      "version": "1.0.0",
      "resolved": "https://registry.npmjs.org/is-typedarray/-/is-typedarray-1.0.0.tgz",
      "from": "is-typedarray@>=1.0.0 <1.1.0"
    },
    "isarray": {
      "version": "0.0.1",
      "resolved": "https://registry.npmjs.org/isarray/-/isarray-0.0.1.tgz",
      "from": "isarray@0.0.1"
    },
    "isstream": {
      "version": "0.1.2",
      "resolved": "https://registry.npmjs.org/isstream/-/isstream-0.1.2.tgz",
      "from": "isstream@>=0.1.2 <0.2.0"
    },
    "jsbn": {
      "version": "0.1.1",
      "resolved": "https://registry.npmjs.org/jsbn/-/jsbn-0.1.1.tgz",
      "from": "jsbn@>=0.1.0 <0.2.0"
    },
    "jsdom": {
      "version": "0.11.1",
      "resolved": "https://registry.npmjs.org/jsdom/-/jsdom-0.11.1.tgz",
      "from": "jsdom@>=0.11.1 <0.12.0"
    },
    "json-schema": {
      "version": "0.2.3",
      "resolved": "https://registry.npmjs.org/json-schema/-/json-schema-0.2.3.tgz",
      "from": "json-schema@0.2.3"
    },
    "json-stable-stringify": {
      "version": "1.0.1",
      "resolved": "https://registry.npmjs.org/json-stable-stringify/-/json-stable-stringify-1.0.1.tgz",
      "from": "json-stable-stringify@>=1.0.1 <2.0.0"
    },
    "json-stringify-safe": {
      "version": "5.0.1",
      "resolved": "https://registry.npmjs.org/json-stringify-safe/-/json-stringify-safe-5.0.1.tgz",
      "from": "json-stringify-safe@>=5.0.1 <5.1.0"
    },
    "jsonify": {
      "version": "0.0.0",
      "resolved": "https://registry.npmjs.org/jsonify/-/jsonify-0.0.0.tgz",
      "from": "jsonify@>=0.0.0 <0.1.0"
    },
    "jsprim": {
      "version": "1.4.1",
      "resolved": "https://registry.npmjs.org/jsprim/-/jsprim-1.4.1.tgz",
      "from": "jsprim@>=1.2.2 <2.0.0",
      "dependencies": {
        "assert-plus": {
          "version": "1.0.0",
          "resolved": "https://registry.npmjs.org/assert-plus/-/assert-plus-1.0.0.tgz",
          "from": "assert-plus@1.0.0"
        }
      }
    },
    "juice2": {
      "version": "1.3.1",
      "resolved": "https://registry.npmjs.org/juice2/-/juice2-1.3.1.tgz",
      "from": "juice2@>=1.3.0 <1.4.0"
    },
    "libbase64": {
      "version": "0.1.0",
      "resolved": "https://registry.npmjs.org/libbase64/-/libbase64-0.1.0.tgz",
      "from": "libbase64@>=0.1.0 <0.2.0"
    },
    "libmime": {
      "version": "1.2.0",
      "resolved": "https://registry.npmjs.org/libmime/-/libmime-1.2.0.tgz",
      "from": "libmime@>=1.0.0 <2.0.0"
    },
    "libqp": {
      "version": "1.1.0",
      "resolved": "https://registry.npmjs.org/libqp/-/libqp-1.1.0.tgz",
      "from": "libqp@>=1.1.0 <2.0.0"
    },
    "methods": {
      "version": "1.0.1",
      "resolved": "https://registry.npmjs.org/methods/-/methods-1.0.1.tgz",
      "from": "methods@1.0.1"
    },
    "mime": {
      "version": "1.2.11",
      "resolved": "https://registry.npmjs.org/mime/-/mime-1.2.11.tgz",
      "from": "mime@1.2.11"
    },
    "mime-db": {
      "version": "1.29.0",
      "resolved": "https://registry.npmjs.org/mime-db/-/mime-db-1.29.0.tgz",
      "from": "mime-db@>=1.29.0 <1.30.0"
    },
    "mime-types": {
      "version": "2.1.16",
      "resolved": "https://registry.npmjs.org/mime-types/-/mime-types-2.1.16.tgz",
      "from": "mime-types@>=2.1.7 <2.2.0"
    },
    "minimist": {
      "version": "0.0.10",
      "resolved": "https://registry.npmjs.org/minimist/-/minimist-0.0.10.tgz",
      "from": "minimist@>=0.0.1 <0.1.0"
    },
    "mkdirp": {
      "version": "0.3.5",
      "resolved": "https://registry.npmjs.org/mkdirp/-/mkdirp-0.3.5.tgz",
      "from": "mkdirp@>=0.3.5 <0.4.0"
    },
    "ms": {
      "version": "2.0.0",
      "resolved": "https://registry.npmjs.org/ms/-/ms-2.0.0.tgz",
      "from": "ms@2.0.0"
    },
    "nan": {
      "version": "2.6.2",
      "resolved": "https://registry.npmjs.org/nan/-/nan-2.6.2.tgz",
      "from": "nan@>=2.1.0 <3.0.0"
    },
    "nodemailer": {
      "version": "1.4.0",
      "resolved": "https://registry.npmjs.org/nodemailer/-/nodemailer-1.4.0.tgz",
      "from": "nodemailer@1.4.0"
    },
    "nodemailer-direct-transport": {
      "version": "1.1.0",
      "resolved": "https://registry.npmjs.org/nodemailer-direct-transport/-/nodemailer-direct-transport-1.1.0.tgz",
      "from": "nodemailer-direct-transport@>=1.0.2 <2.0.0"
    },
    "nodemailer-smtp-transport": {
      "version": "1.0.3",
      "resolved": "https://registry.npmjs.org/nodemailer-smtp-transport/-/nodemailer-smtp-transport-1.0.3.tgz",
      "from": "nodemailer-smtp-transport@1.0.3"
    },
    "nodemailer-wellknown": {
      "version": "0.1.10",
      "resolved": "https://registry.npmjs.org/nodemailer-wellknown/-/nodemailer-wellknown-0.1.10.tgz",
      "from": "nodemailer-wellknown@>=0.1.7 <0.2.0"
    },
    "nwmatcher": {
      "version": "1.3.9",
      "resolved": "https://registry.npmjs.org/nwmatcher/-/nwmatcher-1.3.9.tgz",
      "from": "nwmatcher@>=1.3.2 <1.4.0"
    },
    "oauth-sign": {
      "version": "0.8.2",
      "resolved": "https://registry.npmjs.org/oauth-sign/-/oauth-sign-0.8.2.tgz",
      "from": "oauth-sign@>=0.8.1 <0.9.0"
    },
    "optimist": {
      "version": "0.6.1",
      "resolved": "https://registry.npmjs.org/optimist/-/optimist-0.6.1.tgz",
      "from": "optimist@>=0.6.1 <0.7.0"
    },
    "pend": {
      "version": "1.1.3",
      "resolved": "https://registry.npmjs.org/pend/-/pend-1.1.3.tgz",
      "from": "pend@>=1.1.2 <1.2.0"
    },
    "performance-now": {
      "version": "0.2.0",
      "resolved": "https://registry.npmjs.org/performance-now/-/performance-now-0.2.0.tgz",
      "from": "performance-now@>=0.2.0 <0.3.0"
    },
    "process-nextick-args": {
      "version": "1.0.7",
      "resolved": "https://registry.npmjs.org/process-nextick-args/-/process-nextick-args-1.0.7.tgz",
      "from": "process-nextick-args@>=1.0.6 <1.1.0"
    },
    "punycode": {
      "version": "1.4.1",
      "resolved": "https://registry.npmjs.org/punycode/-/punycode-1.4.1.tgz",
      "from": "punycode@>=1.4.1 <2.0.0"
    },
    "qs": {
      "version": "6.4.0",
      "resolved": "https://registry.npmjs.org/qs/-/qs-6.4.0.tgz",
      "from": "qs@>=6.4.0 <6.5.0"
    },
    "readable-stream": {
      "version": "1.1.14",
      "resolved": "https://registry.npmjs.org/readable-stream/-/readable-stream-1.1.14.tgz",
      "from": "readable-stream@>=1.1.9 <1.2.0"
    },
    "reduce-component": {
      "version": "1.0.1",
      "resolved": "https://registry.npmjs.org/reduce-component/-/reduce-component-1.0.1.tgz",
      "from": "reduce-component@1.0.1"
    },
    "request": {
      "version": "2.81.0",
      "resolved": "https://registry.npmjs.org/request/-/request-2.81.0.tgz",
      "from": "request@>=2.0.0 <3.0.0"
    },
    "safe-buffer": {
      "version": "5.1.1",
      "resolved": "https://registry.npmjs.org/safe-buffer/-/safe-buffer-5.1.1.tgz",
      "from": "safe-buffer@>=5.1.1 <5.2.0"
    },
    "slick": {
      "version": "1.12.2",
      "resolved": "https://registry.npmjs.org/slick/-/slick-1.12.2.tgz",
      "from": "slick@>=1.12.1 <1.13.0"
    },
    "smtp-connection": {
      "version": "1.3.8",
      "resolved": "https://registry.npmjs.org/smtp-connection/-/smtp-connection-1.3.8.tgz",
      "from": "smtp-connection@>=1.3.1 <2.0.0"
    },
    "sntp": {
      "version": "1.0.9",
      "resolved": "https://registry.npmjs.org/sntp/-/sntp-1.0.9.tgz",
      "from": "sntp@>=1.0.0 <2.0.0"
    },
    "source-map": {
      "version": "0.1.34",
      "resolved": "https://registry.npmjs.org/source-map/-/source-map-0.1.34.tgz",
      "from": "source-map@0.1.34"
    },
    "sshpk": {
      "version": "1.13.1",
      "resolved": "https://registry.npmjs.org/sshpk/-/sshpk-1.13.1.tgz",
      "from": "sshpk@>=1.7.0 <2.0.0",
      "dependencies": {
        "assert-plus": {
          "version": "1.0.0",
          "resolved": "https://registry.npmjs.org/assert-plus/-/assert-plus-1.0.0.tgz",
          "from": "assert-plus@>=1.0.0 <2.0.0"
        }
      }
    },
    "stack-trace": {
      "version": "0.0.10",
      "resolved": "https://registry.npmjs.org/stack-trace/-/stack-trace-0.0.10.tgz",
      "from": "stack-trace@>=0.0.6"
    },
    "string_decoder": {
      "version": "0.10.31",
      "resolved": "https://registry.npmjs.org/string_decoder/-/string_decoder-0.10.31.tgz",
      "from": "string_decoder@>=0.10.0 <0.11.0"
    },
    "stringstream": {
      "version": "0.0.5",
      "resolved": "https://registry.npmjs.org/stringstream/-/stringstream-0.0.5.tgz",
      "from": "stringstream@>=0.0.4 <0.1.0"
    },
    "superagent": {
      "version": "0.18.2",
      "resolved": "https://registry.npmjs.org/superagent/-/superagent-0.18.2.tgz",
      "from": "superagent@>=0.18.2 <0.19.0",
      "dependencies": {
        "combined-stream": {
          "version": "0.0.7",
          "resolved": "https://registry.npmjs.org/combined-stream/-/combined-stream-0.0.7.tgz",
          "from": "combined-stream@>=0.0.4 <0.1.0"
        },
        "delayed-stream": {
          "version": "0.0.5",
          "resolved": "https://registry.npmjs.org/delayed-stream/-/delayed-stream-0.0.5.tgz",
          "from": "delayed-stream@0.0.5"
        },
        "extend": {
          "version": "1.2.1",
          "resolved": "https://registry.npmjs.org/extend/-/extend-1.2.1.tgz",
          "from": "extend@>=1.2.1 <1.3.0"
        },
        "form-data": {
          "version": "0.1.3",
          "resolved": "https://registry.npmjs.org/form-data/-/form-data-0.1.3.tgz",
          "from": "form-data@0.1.3"
        },
        "qs": {
          "version": "0.6.6",
          "resolved": "https://registry.npmjs.org/qs/-/qs-0.6.6.tgz",
          "from": "qs@0.6.6"
        },
        "readable-stream": {
          "version": "1.0.27-1",
          "resolved": "https://registry.npmjs.org/readable-stream/-/readable-stream-1.0.27-1.tgz",
          "from": "readable-stream@1.0.27-1"
        }
      }
    },
    "swig": {
      "version": "1.4.2",
      "resolved": "https://registry.npmjs.org/swig/-/swig-1.4.2.tgz",
      "from": "swig@>=1.4.1 <1.5.0"
    },
    "swig-email-templates": {
      "version": "1.3.0",
      "resolved": "https://registry.npmjs.org/swig-email-templates/-/swig-email-templates-1.3.0.tgz",
      "from": "swig-email-templates@1.3.0"
    },
    "through2": {
      "version": "0.6.5",
      "resolved": "https://registry.npmjs.org/through2/-/through2-0.6.5.tgz",
      "from": "through2@>=0.6.3 <0.7.0",
      "dependencies": {
        "readable-stream": {
          "version": "1.0.34",
          "resolved": "https://registry.npmjs.org/readable-stream/-/readable-stream-1.0.34.tgz",
          "from": "readable-stream@>=1.0.33-1 <1.1.0-0"
        }
      }
    },
    "tough-cookie": {
      "version": "2.3.2",
      "resolved": "https://registry.npmjs.org/tough-cookie/-/tough-cookie-2.3.2.tgz",
      "from": "tough-cookie@>=2.3.0 <2.4.0"
    },
    "tunnel-agent": {
      "version": "0.6.0",
      "resolved": "https://registry.npmjs.org/tunnel-agent/-/tunnel-agent-0.6.0.tgz",
      "from": "tunnel-agent@>=0.6.0 <0.7.0"
    },
    "tweetnacl": {
      "version": "0.14.5",
      "resolved": "https://registry.npmjs.org/tweetnacl/-/tweetnacl-0.14.5.tgz",
      "from": "tweetnacl@>=0.14.0 <0.15.0"
    },
    "uglify-js": {
      "version": "2.4.24",
      "resolved": "https://registry.npmjs.org/uglify-js/-/uglify-js-2.4.24.tgz",
      "from": "uglify-js@>=2.4.0 <2.5.0",
      "dependencies": {
        "async": {
          "version": "0.2.10",
          "resolved": "https://registry.npmjs.org/async/-/async-0.2.10.tgz",
          "from": "async@>=0.2.6 <0.3.0"
        }
      }
    },
    "uglify-to-browserify": {
      "version": "1.0.2",
      "resolved": "https://registry.npmjs.org/uglify-to-browserify/-/uglify-to-browserify-1.0.2.tgz",
      "from": "uglify-to-browserify@>=1.0.0 <1.1.0"
    },
    "underscore": {
      "version": "1.8.3",
      "resolved": "https://registry.npmjs.org/underscore/-/underscore-1.8.3.tgz",
      "from": "underscore@>=1.0.0 <2.0.0"
    },
    "underscore.string": {
      "version": "2.4.0",
      "resolved": "https://registry.npmjs.org/underscore.string/-/underscore.string-2.4.0.tgz",
      "from": "underscore.string@>=2.0.0 <3.0.0"
    },
    "util-deprecate": {
      "version": "1.0.2",
      "resolved": "https://registry.npmjs.org/util-deprecate/-/util-deprecate-1.0.2.tgz",
      "from": "util-deprecate@>=1.0.1 <1.1.0"
    },
    "uuid": {
      "version": "3.1.0",
      "resolved": "https://registry.npmjs.org/uuid/-/uuid-3.1.0.tgz",
      "from": "uuid@>=3.0.0 <4.0.0"
    },
    "verror": {
      "version": "1.10.0",
      "resolved": "https://registry.npmjs.org/verror/-/verror-1.10.0.tgz",
      "from": "verror@1.10.0",
      "dependencies": {
        "assert-plus": {
          "version": "1.0.0",
          "resolved": "https://registry.npmjs.org/assert-plus/-/assert-plus-1.0.0.tgz",
          "from": "assert-plus@>=1.0.0 <2.0.0"
        }
      }
    },
    "window-size": {
      "version": "0.1.0",
      "resolved": "https://registry.npmjs.org/window-size/-/window-size-0.1.0.tgz",
      "from": "window-size@0.1.0"
    },
    "wordwrap": {
      "version": "0.0.3",
      "resolved": "https://registry.npmjs.org/wordwrap/-/wordwrap-0.0.3.tgz",
      "from": "wordwrap@>=0.0.2 <0.1.0"
    },
    "xmlhttprequest": {
      "version": "1.8.0",
      "resolved": "https://registry.npmjs.org/xmlhttprequest/-/xmlhttprequest-1.8.0.tgz",
      "from": "xmlhttprequest@>=1.5.0"
    },
    "xoauth2": {
      "version": "1.1.0",
      "resolved": "https://registry.npmjs.org/xoauth2/-/xoauth2-1.1.0.tgz",
      "from": "xoauth2@1.1.0"
    },
    "xtend": {
      "version": "4.0.1",
      "resolved": "https://registry.npmjs.org/xtend/-/xtend-4.0.1.tgz",
      "from": "xtend@>=4.0.0 <4.1.0-0"
    },
    "yargs": {
      "version": "3.5.4",
      "resolved": "https://registry.npmjs.org/yargs/-/yargs-3.5.4.tgz",
      "from": "yargs@>=3.5.4 <3.6.0",
      "dependencies": {
        "wordwrap": {
          "version": "0.0.2",
          "resolved": "https://registry.npmjs.org/wordwrap/-/wordwrap-0.0.2.tgz",
          "from": "wordwrap@0.0.2"
        }
      }
    }
  }
}
